
Microsoft Visual Studio Solution File, Format Version 12.00
# Visual Studio Version 17
VisualStudioVersion = 17.1.32414.318
MinimumVisualStudioVersion = 10.0.40219.1
Project("{F2A71F9B-5D33-465A-A702-920D77279786}") = "Doxygen2HugoConverter", "Doxygen2HugoConverter\Doxygen2HugoConverter.fsproj", "{C078DD70-2C90-4C49-92A8-85DCDBB0EB8B}"
EndProject
Global
	GlobalSection(SolutionConfigurationPlatforms) = preSolution
		Debug|Any CPU = Debug|Any CPU
		Release|Any CPU = Release|Any CPU
	EndGlobalSection
	GlobalSection(ProjectConfigurationPlatforms) = postSolution
		{C078DD70-2C90-4C49-92A8-85DCDBB0EB8B}.Debug|Any CPU.ActiveCfg = Debug|Any CPU
		{C078DD70-2C90-4C49-92A8-85DCDBB0EB8B}.Debug|Any CPU.Build.0 = Debug|Any CPU
		{C078DD70-2C90-4C49-92A8-85DCDBB0EB8B}.Release|Any CPU.ActiveCfg = Release|Any CPU
		{C078DD70-2C90-4C49-92A8-85DCDBB0EB8B}.Release|Any CPU.Build.0 = Release|Any CPU
	EndGlobalSection
	GlobalSection(SolutionProperties) = preSolution
		HideSolutionNode = FALSE
	EndGlobalSection
	GlobalSection(ExtensibilityGlobals) = postSolution
		SolutionGuid = {ACD1EAED-B838-4AD3-AB32-D9BB45B0C61B}
	EndGlobalSection
EndGlobal
